<?xml version="1.0" encoding="utf-8"?>
<Project ToolsVersion="4.0" xmlns="http://schemas.microsoft.com/developer/msbuild/2003">
  <ItemGroup>
    <Filter Include="Header Files">
      <UniqueIdentifier>{93995380-89BD-4b04-88EB-625FBE52EBFB}</UniqueIdentifier>
      <Extensions>h;hpp;hxx;hm;inl;inc;xsd</Extensions>
    </Filter>
    <Filter Include="Resource Files">
      <UniqueIdentifier>{67DA6AB6-F800-4c08-8B7A-83BB121AAD01}</UniqueIdentifier>
      <Extensions>rc;ico;cur;bmp;dlg;rc2;rct;bin;rgs;gif;jpg;jpeg;jpe;resx;tiff;tif;png;wav;mfcribbon-ms</Extensions>
    </Filter>
    <Filter Include="Source Files">
      <UniqueIdentifier>{4FC737F1-C7A5-4376-A066-2A32D752A2FF}</UniqueIdentifier>
      <Extensions>cpp;c;cc;cxx;def;odl;idl;hpj;bat;asm;asmx</Extensions>
    </Filter>
    <Filter Include="Header Files\Algorithms">
      <UniqueIdentifier>{5a021cad-a0ba-4915-83a0-88e976d610db}</UniqueIdentifier>
    </Filter>
    <Filter Include="Header Files\Camera">
      <UniqueIdentifier>{34ff43ff-f123-438a-bcaa-0209c2862a57}</UniqueIdentifier>
    </Filter>
    <Filter Include="Header Files\Image">
      <UniqueIdentifier>{3b59df94-e7f8-4377-88fb-284ae88b0baa}</UniqueIdentifier>
    </Filter>
    <Filter Include="Header Files\Machine">
      <UniqueIdentifier>{57f477cf-87a9-4ef5-ad96-07ae989a7349}</UniqueIdentifier>
    </Filter>
  </ItemGroup>
  <ItemGroup>
    <ClCompile Include="main.cpp">
      <Filter>Source Files</Filter>
    </ClCompile>
    <ClCompile Include="ImageFeatures.cpp">
      <Filter>Source Files</Filter>
    </ClCompile>
    <ClCompile Include="FRSurf.cpp">
      <Filter>Source Files</Filter>
    </ClCompile>
    <ClCompile Include="VOMachine.cpp">
      <Filter>Source Files</Filter>
    </ClCompile>
    <ClCompile Include="StereoImage.cpp">
      <Filter>Source Files</Filter>
    </ClCompile>
    <ClCompile Include="VO3D3D.cpp">
      <Filter>Source Files</Filter>
    </ClCompile>
    <ClCompile Include="FMFlann.cpp">
      <Filter>Source Files</Filter>
    </ClCompile>
    <ClCompile Include="FRSurfGpu.cpp">
      <Filter>Source Files</Filter>
    </ClCompile>
    <ClCompile Include="RANSAC.cpp">
      <Filter>Source Files</Filter>
    </ClCompile>
  </ItemGroup>
  <ItemGroup>
    <ClInclude Include="FRSurf.h">
      <Filter>Header Files\Algorithms</Filter>
    </ClInclude>
    <ClInclude Include="FRAlgorithm.h">
      <Filter>Header Files\Algorithms</Filter>
    </ClInclude>
    <ClInclude Include="Camera.h">
      <Filter>Header Files\Camera</Filter>
    </ClInclude>
    <ClInclude Include="CameraProperties.h">
      <Filter>Header Files\Camera</Filter>
    </ClInclude>
    <ClInclude Include="ImageFeatures.h">
      <Filter>Header Files\Image</Filter>
    </ClInclude>
    <ClInclude Include="CameraImage.h">
      <Filter>Header Files\Image</Filter>
    </ClInclude>
    <ClInclude Include="StereoImage.h">
      <Filter>Header Files\Image</Filter>
    </ClInclude>
    <ClInclude Include="VOMachine.h">
      <Filter>Header Files\Machine</Filter>
    </ClInclude>
    <ClInclude Include="VOAlgorithm.h">
      <Filter>Header Files\Algorithms</Filter>
    </ClInclude>
    <ClInclude Include="ImagePkg.h">
      <Filter>Header Files\Image</Filter>
    </ClInclude>
    <ClInclude Include="FMAlgorithm.h">
      <Filter>Header Files\Algorithms</Filter>
    </ClInclude>
    <ClInclude Include="FMFlann.h">
      <Filter>Header Files\Algorithms</Filter>
    </ClInclude>
    <ClInclude Include="VO3D3D.h">
      <Filter>Header Files\Algorithms</Filter>
    </ClInclude>
    <ClInclude Include="FRSurfGpu.h">
      <Filter>Header Files</Filter>
    </ClInclude>
    <ClInclude Include="RANSAC.h">
      <Filter>Header Files</Filter>
    </ClInclude>
  </ItemGroup>
</Project>